
Microsoft Visual Studio Solution File, Format Version 12.00
# Visual Studio Version 17
VisualStudioVersion = 17.5.33502.453
MinimumVisualStudioVersion = 10.0.40219.1
Project("{FAE04EC0-301F-11D3-BF4B-00C04F79EFBC}") = "url shortener service", "url shortener service.csproj", "{FA1EC4E1-C27A-4F95-A66D-BA303C82487C}"
EndProject
Global
	GlobalSection(SolutionConfigurationPlatforms) = preSolution
		Debug|Any CPU = Debug|Any CPU
		Release|Any CPU = Release|Any CPU
	EndGlobalSection
	GlobalSection(ProjectConfigurationPlatforms) = postSolution
		{FA1EC4E1-C27A-4F95-A66D-BA303C82487C}.Debug|Any CPU.ActiveCfg = Debug|Any CPU
		{FA1EC4E1-C27A-4F95-A66D-BA303C82487C}.Debug|Any CPU.Build.0 = Debug|Any CPU
		{FA1EC4E1-C27A-4F95-A66D-BA303C82487C}.Release|Any CPU.ActiveCfg = Release|Any CPU
		{FA1EC4E1-C27A-4F95-A66D-BA303C82487C}.Release|Any CPU.Build.0 = Release|Any CPU
	EndGlobalSection
	GlobalSection(SolutionProperties) = preSolution
		HideSolutionNode = FALSE
	EndGlobalSection
	GlobalSection(ExtensibilityGlobals) = postSolution
		SolutionGuid = {C8BEB5F4-9873-4AE5-838E-20EE8CDCB311}
	EndGlobalSection
EndGlobal
